
Microsoft Visual Studio Solution File, Format Version 12.00
# Visual Studio Version 17
VisualStudioVersion = 17.9.34728.123
MinimumVisualStudioVersion = 10.0.40219.1
Project("{9A19103F-16F7-4668-BE54-9A1E7A4F7556}") = "WizardsAndWarriors2", "WizardsAndWarriors2.csproj", "{B8279ABE-422E-43B8-B6A5-B8CF58B4C42B}"
EndProject
Global
	GlobalSection(SolutionConfigurationPlatforms) = preSolution
		Debug|Any CPU = Debug|Any CPU
		Release|Any CPU = Release|Any CPU
	EndGlobalSection
	GlobalSection(ProjectConfigurationPlatforms) = postSolution
		{B8279ABE-422E-43B8-B6A5-B8CF58B4C42B}.Debug|Any CPU.ActiveCfg = Debug|Any CPU
		{B8279ABE-422E-43B8-B6A5-B8CF58B4C42B}.Debug|Any CPU.Build.0 = Debug|Any CPU
		{B8279ABE-422E-43B8-B6A5-B8CF58B4C42B}.Release|Any CPU.ActiveCfg = Release|Any CPU
		{B8279ABE-422E-43B8-B6A5-B8CF58B4C42B}.Release|Any CPU.Build.0 = Release|Any CPU
	EndGlobalSection
	GlobalSection(SolutionProperties) = preSolution
		HideSolutionNode = FALSE
	EndGlobalSection
	GlobalSection(ExtensibilityGlobals) = postSolution
		SolutionGuid = {6E1C89CF-48F1-42AA-9F9E-1D7949EFB946}
	EndGlobalSection
EndGlobal
